PODS:
  - BmobSDK (2.3.1)
  - LEEAlert (1.1.9)
  - LYSDatePicker (0.0.3)
  - Masonry (1.1.0)
  - MJExtension (3.0.15.1)

DEPENDENCIES:
  - BmobSDK
  - LEEAlert
  - LYSDatePicker
  - Masonry
  - MJExtension

SPEC CHECKSUMS:
  BmobSDK: e0f9e4b451233a80af63a8ae4f2d239474bf567b
  LEEAlert: d220ed4026ce237fd90febaeac26949c2a95e108
  LYSDatePicker: dfd26bb5659c663032c5ef0b0ef8aa80bd45a4db
  Masonry: 678fab65091a9290e40e2832a55e7ab731aad201
  MJExtension: 19bc33ce2eee2d319760f5622562cf581a6ff756

PODFILE CHECKSUM: daca86c104c9ed95eb9c77210cf74956124ec8cb

COCOAPODS: 1.4.0
