// !$*UTF8*$!
{
	archiveVersion = 1;
	classes = {
	};
	objectVersion = 48;
	objects = {

/* Begin PBXBuildFile section */
		204D44B458C08701A583C9DD /* libPods-SimpleNoteTests.a in Frameworks */ = {isa = PBXBuildFile; fileRef = F086426C41C966F95491F9B3 /* libPods-SimpleNoteTests.a */; };
		842269F6212E75D8009D2F82 /* ZJTools.m in Sources */ = {isa = PBXBuildFile; fileRef = 842269F5212E75D7009D2F82 /* ZJTools.m */; };
		842269F9212E836F009D2F82 /* MHD_FingerPrintVerify.m in Sources */ = {isa = PBXBuildFile; fileRef = 842269F7212E836F009D2F82 /* MHD_FingerPrintVerify.m */; };
		842269FC212E88B7009D2F82 /* NoteManager.m in Sources */ = {isa = PBXBuildFile; fileRef = 842269FB212E88B7009D2F82 /* NoteManager.m */; };
		842269FF212EAC94009D2F82 /* SoundEditViewController.m in Sources */ = {isa = PBXBuildFile; fileRef = 842269FE212EAC94009D2F82 /* SoundEditViewController.m */; };
		84226A02212EBBC7009D2F82 /* ZJFileManger.m in Sources */ = {isa = PBXBuildFile; fileRef = 84226A01212EBBC6009D2F82 /* ZJFileManger.m */; };
		84226A05212F9ECA009D2F82 /* NoteConst.m in Sources */ = {isa = PBXBuildFile; fileRef = 84226A04212F9ECA009D2F82 /* NoteConst.m */; };
		84226A0A212FD053009D2F82 /* Localizable.strings in Resources */ = {isa = PBXBuildFile; fileRef = 84226A0C212FD053009D2F82 /* Localizable.strings */; };
		84226A11212FD348009D2F82 /* EncryptViewController.m in Sources */ = {isa = PBXBuildFile; fileRef = 84226A10212FD348009D2F82 /* EncryptViewController.m */; };
		84226A16212FDEBA009D2F82 /* OptionView.m in Sources */ = {isa = PBXBuildFile; fileRef = 84226A15212FDEBA009D2F82 /* OptionView.m */; };
		84226A202130FE57009D2F82 /* error.png in Resources */ = {isa = PBXBuildFile; fileRef = 84226A182130FE57009D2F82 /* error.png */; };
		84226A212130FE57009D2F82 /* success.png in Resources */ = {isa = PBXBuildFile; fileRef = 84226A192130FE57009D2F82 /* success.png */; };
		84226A222130FE57009D2F82 /* UIColor+Hexadecimal.m in Sources */ = {isa = PBXBuildFile; fileRef = 84226A1B2130FE57009D2F82 /* UIColor+Hexadecimal.m */; };
		84226A232130FE57009D2F82 /* ZAlertView.m in Sources */ = {isa = PBXBuildFile; fileRef = 84226A1D2130FE57009D2F82 /* ZAlertView.m */; };
		84226A242130FE57009D2F82 /* ZAlertViewManager.m in Sources */ = {isa = PBXBuildFile; fileRef = 84226A1F2130FE57009D2F82 /* ZAlertViewManager.m */; };
		846E255B212A928200C797CE /* AppDelegate.m in Sources */ = {isa = PBXBuildFile; fileRef = 846E255A212A928200C797CE /* AppDelegate.m */; };
		846E2563212A928200C797CE /* Assets.xcassets in Resources */ = {isa = PBXBuildFile; fileRef = 846E2562212A928200C797CE /* Assets.xcassets */; };
		846E2566212A928200C797CE /* LaunchScreen.storyboard in Resources */ = {isa = PBXBuildFile; fileRef = 846E2564212A928200C797CE /* LaunchScreen.storyboard */; };
		846E2569212A928200C797CE /* main.m in Sources */ = {isa = PBXBuildFile; fileRef = 846E2568212A928200C797CE /* main.m */; };
		846E2573212A928200C797CE /* SimpleNoteTests.m in Sources */ = {isa = PBXBuildFile; fileRef = 846E2572212A928200C797CE /* SimpleNoteTests.m */; };
		846E257F212A92A000C797CE /* MZBaseViewController.m in Sources */ = {isa = PBXBuildFile; fileRef = 846E257E212A92A000C797CE /* MZBaseViewController.m */; };
		846E2582212A92B900C797CE /* MZBaseNavigationViewController.m in Sources */ = {isa = PBXBuildFile; fileRef = 846E2581212A92B900C797CE /* MZBaseNavigationViewController.m */; };
		846E2585212A92C500C797CE /* MainViewController.m in Sources */ = {isa = PBXBuildFile; fileRef = 846E2584212A92C500C797CE /* MainViewController.m */; };
		846E258E212AA54A00C797CE /* NoteViewController.m in Sources */ = {isa = PBXBuildFile; fileRef = 846E258D212AA54A00C797CE /* NoteViewController.m */; };
		846E2591212AA66600C797CE /* SetViewController.m in Sources */ = {isa = PBXBuildFile; fileRef = 846E2590212AA66600C797CE /* SetViewController.m */; };
		846E2597212ABF1E00C797CE /* UIFont+FontType.m in Sources */ = {isa = PBXBuildFile; fileRef = 846E2596212ABF1E00C797CE /* UIFont+FontType.m */; };
		846E25A4212B9C9400C797CE /* TextCell.m in Sources */ = {isa = PBXBuildFile; fileRef = 846E25A2212B9C9400C797CE /* TextCell.m */; };
		846E25A5212B9C9400C797CE /* TextCell.xib in Resources */ = {isa = PBXBuildFile; fileRef = 846E25A3212B9C9400C797CE /* TextCell.xib */; };
		846E25A9212B9CAB00C797CE /* SoundCell.m in Sources */ = {isa = PBXBuildFile; fileRef = 846E25A7212B9CAB00C797CE /* SoundCell.m */; };
		846E25AA212B9CAB00C797CE /* SoundCell.xib in Resources */ = {isa = PBXBuildFile; fileRef = 846E25A8212B9CAB00C797CE /* SoundCell.xib */; };
		846E25AF212BA24600C797CE /* ImgCell.m in Sources */ = {isa = PBXBuildFile; fileRef = 846E25AD212BA24600C797CE /* ImgCell.m */; };
		846E25B0212BA24600C797CE /* ImgCell.xib in Resources */ = {isa = PBXBuildFile; fileRef = 846E25AE212BA24600C797CE /* ImgCell.xib */; };
		846E25B3212BC67300C797CE /* NoteModel.m in Sources */ = {isa = PBXBuildFile; fileRef = 846E25B2212BC67300C797CE /* NoteModel.m */; };
		84916FFD212CEDCD00AC23EB /* MZView.m in Sources */ = {isa = PBXBuildFile; fileRef = 84916FFC212CEDCD00AC23EB /* MZView.m */; };
		84917000212CEE0500AC23EB /* MainView.m in Sources */ = {isa = PBXBuildFile; fileRef = 84916FFF212CEE0500AC23EB /* MainView.m */; };
		84917005212D20C900AC23EB /* DBManager.m in Sources */ = {isa = PBXBuildFile; fileRef = 84917004212D20C900AC23EB /* DBManager.m */; };
		8493EE6D212E654A001FC8C2 /* Utils.m in Sources */ = {isa = PBXBuildFile; fileRef = 8493EE6C212E654A001FC8C2 /* Utils.m */; };
		9D06DD739D7CB08BBD90D425 /* libPods-SimpleNote.a in Frameworks */ = {isa = PBXBuildFile; fileRef = 410AA372B6791D54BB9FEEAF /* libPods-SimpleNote.a */; };
/* End PBXBuildFile section */

/* Begin PBXContainerItemProxy section */
		846E256F212A928200C797CE /* PBXContainerItemProxy */ = {
			isa = PBXContainerItemProxy;
			containerPortal = 846E254E212A928200C797CE /* Project object */;
			proxyType = 1;
			remoteGlobalIDString = 846E2555212A928200C797CE;
			remoteInfo = SimpleNote;
		};
/* End PBXContainerItemProxy section */

/* Begin PBXFileReference section */
		3C701F36D70697F83DF38E60 /* Pods-SimpleNote.release.xcconfig */ = {isa = PBXFileReference; includeInIndex = 1; lastKnownFileType = text.xcconfig; name = "Pods-SimpleNote.release.xcconfig"; path = "Pods/Target Support Files/Pods-SimpleNote/Pods-SimpleNote.release.xcconfig"; sourceTree = "<group>"; };
		410AA372B6791D54BB9FEEAF /* libPods-SimpleNote.a */ = {isa = PBXFileReference; explicitFileType = archive.ar; includeInIndex = 0; path = "libPods-SimpleNote.a"; sourceTree = BUILT_PRODUCTS_DIR; };
		677FDE8E5F2348AE422B33F2 /* Pods-SimpleNoteTests.release.xcconfig */ = {isa = PBXFileReference; includeInIndex = 1; lastKnownFileType = text.xcconfig; name = "Pods-SimpleNoteTests.release.xcconfig"; path = "Pods/Target Support Files/Pods-SimpleNoteTests/Pods-SimpleNoteTests.release.xcconfig"; sourceTree = "<group>"; };
		842269F4212E75D7009D2F82 /* ZJTools.h */ = {isa = PBXFileReference; fileEncoding = 4; lastKnownFileType = sourcecode.c.h; path = ZJTools.h; sourceTree = "<group>"; };
		842269F5212E75D7009D2F82 /* ZJTools.m */ = {isa = PBXFileReference; fileEncoding = 4; lastKnownFileType = sourcecode.c.objc; path = ZJTools.m; sourceTree = "<group>"; };
		842269F7212E836F009D2F82 /* MHD_FingerPrintVerify.m */ = {isa = PBXFileReference; fileEncoding = 4; lastKnownFileType = sourcecode.c.objc; path = MHD_FingerPrintVerify.m; sourceTree = "<group>"; };
		842269F8212E836F009D2F82 /* MHD_FingerPrintVerify.h */ = {isa = PBXFileReference; fileEncoding = 4; lastKnownFileType = sourcecode.c.h; path = MHD_FingerPrintVerify.h; sourceTree = "<group>"; };
		842269FA212E88B7009D2F82 /* NoteManager.h */ = {isa = PBXFileReference; lastKnownFileType = sourcecode.c.h; path = NoteManager.h; sourceTree = "<group>"; };
		842269FB212E88B7009D2F82 /* NoteManager.m */ = {isa = PBXFileReference; lastKnownFileType = sourcecode.c.objc; path = NoteManager.m; sourceTree = "<group>"; };
		842269FD212EAC94009D2F82 /* SoundEditViewController.h */ = {isa = PBXFileReference; lastKnownFileType = sourcecode.c.h; path = SoundEditViewController.h; sourceTree = "<group>"; };
		842269FE212EAC94009D2F82 /* SoundEditViewController.m */ = {isa = PBXFileReference; lastKnownFileType = sourcecode.c.objc; path = SoundEditViewController.m; sourceTree = "<group>"; };
		84226A00212EBBC6009D2F82 /* ZJFileManger.h */ = {isa = PBXFileReference; fileEncoding = 4; lastKnownFileType = sourcecode.c.h; path = ZJFileManger.h; sourceTree = "<group>"; };
		84226A01212EBBC6009D2F82 /* ZJFileManger.m */ = {isa = PBXFileReference; fileEncoding = 4; lastKnownFileType = sourcecode.c.objc; path = ZJFileManger.m; sourceTree = "<group>"; };
		84226A03212F9ECA009D2F82 /* NoteConst.h */ = {isa = PBXFileReference; lastKnownFileType = sourcecode.c.h; path = NoteConst.h; sourceTree = "<group>"; };
		84226A04212F9ECA009D2F82 /* NoteConst.m */ = {isa = PBXFileReference; lastKnownFileType = sourcecode.c.objc; path = NoteConst.m; sourceTree = "<group>"; };
		84226A0D212FD07B009D2F82 /* zh-Hans */ = {isa = PBXFileReference; lastKnownFileType = text.plist.strings; name = "zh-Hans"; path = "zh-Hans.lproj/Localizable.strings"; sourceTree = "<group>"; };
		84226A0E212FD138009D2F82 /* Base */ = {isa = PBXFileReference; lastKnownFileType = text.plist.strings; name = Base; path = Base.lproj/Localizable.strings; sourceTree = "<group>"; };
		84226A0F212FD348009D2F82 /* EncryptViewController.h */ = {isa = PBXFileReference; lastKnownFileType = sourcecode.c.h; path = EncryptViewController.h; sourceTree = "<group>"; };
		84226A10212FD348009D2F82 /* EncryptViewController.m */ = {isa = PBXFileReference; lastKnownFileType = sourcecode.c.objc; path = EncryptViewController.m; sourceTree = "<group>"; };
		84226A12212FD6B3009D2F82 /* en */ = {isa = PBXFileReference; lastKnownFileType = text.plist.strings; name = en; path = en.lproj/Localizable.strings; sourceTree = "<group>"; };
		84226A14212FDEBA009D2F82 /* OptionView.h */ = {isa = PBXFileReference; lastKnownFileType = sourcecode.c.h; path = OptionView.h; sourceTree = "<group>"; };
		84226A15212FDEBA009D2F82 /* OptionView.m */ = {isa = PBXFileReference; lastKnownFileType = sourcecode.c.objc; path = OptionView.m; sourceTree = "<group>"; };
		84226A182130FE57009D2F82 /* error.png */ = {isa = PBXFileReference; lastKnownFileType = image.png; path = error.png; sourceTree = "<group>"; };
		84226A192130FE57009D2F82 /* success.png */ = {isa = PBXFileReference; lastKnownFileType = image.png; path = success.png; sourceTree = "<group>"; };
		84226A1A2130FE57009D2F82 /* UIColor+Hexadecimal.h */ = {isa = PBXFileReference; fileEncoding = 4; lastKnownFileType = sourcecode.c.h; path = "UIColor+Hexadecimal.h"; sourceTree = "<group>"; };
		84226A1B2130FE57009D2F82 /* UIColor+Hexadecimal.m */ = {isa = PBXFileReference; fileEncoding = 4; lastKnownFileType = sourcecode.c.objc; path = "UIColor+Hexadecimal.m"; sourceTree = "<group>"; };
		84226A1C2130FE57009D2F82 /* ZAlertView.h */ = {isa = PBXFileReference; fileEncoding = 4; lastKnownFileType = sourcecode.c.h; path = ZAlertView.h; sourceTree = "<group>"; };
		84226A1D2130FE57009D2F82 /* ZAlertView.m */ = {isa = PBXFileReference; fileEncoding = 4; lastKnownFileType = sourcecode.c.objc; path = ZAlertView.m; sourceTree = "<group>"; };
		84226A1E2130FE57009D2F82 /* ZAlertViewManager.h */ = {isa = PBXFileReference; fileEncoding = 4; lastKnownFileType = sourcecode.c.h; path = ZAlertViewManager.h; sourceTree = "<group>"; };
		84226A1F2130FE57009D2F82 /* ZAlertViewManager.m */ = {isa = PBXFileReference; fileEncoding = 4; lastKnownFileType = sourcecode.c.objc; path = ZAlertViewManager.m; sourceTree = "<group>"; };
		846E2556212A928200C797CE /* SimpleNote.app */ = {isa = PBXFileReference; explicitFileType = wrapper.application; includeInIndex = 0; path = SimpleNote.app; sourceTree = BUILT_PRODUCTS_DIR; };
		846E2559212A928200C797CE /* AppDelegate.h */ = {isa = PBXFileReference; lastKnownFileType = sourcecode.c.h; path = AppDelegate.h; sourceTree = "<group>"; };
		846E255A212A928200C797CE /* AppDelegate.m */ = {isa = PBXFileReference; lastKnownFileType = sourcecode.c.objc; path = AppDelegate.m; sourceTree = "<group>"; };
		846E2562212A928200C797CE /* Assets.xcassets */ = {isa = PBXFileReference; lastKnownFileType = folder.assetcatalog; path = Assets.xcassets; sourceTree = "<group>"; };
		846E2565212A928200C797CE /* Base */ = {isa = PBXFileReference; lastKnownFileType = file.storyboard; name = Base; path = Base.lproj/LaunchScreen.storyboard; sourceTree = "<group>"; };
		846E2567212A928200C797CE /* Info.plist */ = {isa = PBXFileReference; lastKnownFileType = text.plist.xml; path = Info.plist; sourceTree = "<group>"; };
		846E2568212A928200C797CE /* main.m */ = {isa = PBXFileReference; lastKnownFileType = sourcecode.c.objc; path = main.m; sourceTree = "<group>"; };
		846E256E212A928200C797CE /* SimpleNoteTests.xctest */ = {isa = PBXFileReference; explicitFileType = wrapper.cfbundle; includeInIndex = 0; path = SimpleNoteTests.xctest; sourceTree = BUILT_PRODUCTS_DIR; };
		846E2572212A928200C797CE /* SimpleNoteTests.m */ = {isa = PBXFileReference; lastKnownFileType = sourcecode.c.objc; path = SimpleNoteTests.m; sourceTree = "<group>"; };
		846E2574212A928200C797CE /* Info.plist */ = {isa = PBXFileReference; lastKnownFileType = text.plist.xml; path = Info.plist; sourceTree = "<group>"; };
		846E257D212A92A000C797CE /* MZBaseViewController.h */ = {isa = PBXFileReference; lastKnownFileType = sourcecode.c.h; path = MZBaseViewController.h; sourceTree = "<group>"; };
		846E257E212A92A000C797CE /* MZBaseViewController.m */ = {isa = PBXFileReference; lastKnownFileType = sourcecode.c.objc; path = MZBaseViewController.m; sourceTree = "<group>"; };
		846E2580212A92B900C797CE /* MZBaseNavigationViewController.h */ = {isa = PBXFileReference; lastKnownFileType = sourcecode.c.h; path = MZBaseNavigationViewController.h; sourceTree = "<group>"; };
		846E2581212A92B900C797CE /* MZBaseNavigationViewController.m */ = {isa = PBXFileReference; lastKnownFileType = sourcecode.c.objc; path = MZBaseNavigationViewController.m; sourceTree = "<group>"; };
		846E2583212A92C500C797CE /* MainViewController.h */ = {isa = PBXFileReference; lastKnownFileType = sourcecode.c.h; path = MainViewController.h; sourceTree = "<group>"; };
		846E2584212A92C500C797CE /* MainViewController.m */ = {isa = PBXFileReference; lastKnownFileType = sourcecode.c.objc; path = MainViewController.m; sourceTree = "<group>"; };
		846E2589212A958100C797CE /* SimpleNote-PrefixHeader.pch */ = {isa = PBXFileReference; lastKnownFileType = sourcecode.c.h; path = "SimpleNote-PrefixHeader.pch"; sourceTree = "<group>"; };
		846E258A212A968200C797CE /* CustomHeader.h */ = {isa = PBXFileReference; lastKnownFileType = sourcecode.c.h; path = CustomHeader.h; sourceTree = "<group>"; };
		846E258C212AA54A00C797CE /* NoteViewController.h */ = {isa = PBXFileReference; lastKnownFileType = sourcecode.c.h; path = NoteViewController.h; sourceTree = "<group>"; };
		846E258D212AA54A00C797CE /* NoteViewController.m */ = {isa = PBXFileReference; lastKnownFileType = sourcecode.c.objc; path = NoteViewController.m; sourceTree = "<group>"; };
		846E258F212AA66600C797CE /* SetViewController.h */ = {isa = PBXFileReference; lastKnownFileType = sourcecode.c.h; path = SetViewController.h; sourceTree = "<group>"; };
		846E2590212AA66600C797CE /* SetViewController.m */ = {isa = PBXFileReference; lastKnownFileType = sourcecode.c.objc; path = SetViewController.m; sourceTree = "<group>"; };
		846E2595212ABF1E00C797CE /* UIFont+FontType.h */ = {isa = PBXFileReference; lastKnownFileType = sourcecode.c.h; path = "UIFont+FontType.h"; sourceTree = "<group>"; };
		846E2596212ABF1E00C797CE /* UIFont+FontType.m */ = {isa = PBXFileReference; lastKnownFileType = sourcecode.c.objc; path = "UIFont+FontType.m"; sourceTree = "<group>"; };
		846E25A1212B9C9400C797CE /* TextCell.h */ = {isa = PBXFileReference; lastKnownFileType = sourcecode.c.h; path = TextCell.h; sourceTree = "<group>"; };
		846E25A2212B9C9400C797CE /* TextCell.m */ = {isa = PBXFileReference; lastKnownFileType = sourcecode.c.objc; path = TextCell.m; sourceTree = "<group>"; };
		846E25A3212B9C9400C797CE /* TextCell.xib */ = {isa = PBXFileReference; lastKnownFileType = file.xib; path = TextCell.xib; sourceTree = "<group>"; };
		846E25A6212B9CAB00C797CE /* SoundCell.h */ = {isa = PBXFileReference; lastKnownFileType = sourcecode.c.h; path = SoundCell.h; sourceTree = "<group>"; };
		846E25A7212B9CAB00C797CE /* SoundCell.m */ = {isa = PBXFileReference; lastKnownFileType = sourcecode.c.objc; path = SoundCell.m; sourceTree = "<group>"; };
		846E25A8212B9CAB00C797CE /* SoundCell.xib */ = {isa = PBXFileReference; lastKnownFileType = file.xib; path = SoundCell.xib; sourceTree = "<group>"; };
		846E25AC212BA24600C797CE /* ImgCell.h */ = {isa = PBXFileReference; lastKnownFileType = sourcecode.c.h; path = ImgCell.h; sourceTree = "<group>"; };
		846E25AD212BA24600C797CE /* ImgCell.m */ = {isa = PBXFileReference; lastKnownFileType = sourcecode.c.objc; path = ImgCell.m; sourceTree = "<group>"; };
		846E25AE212BA24600C797CE /* ImgCell.xib */ = {isa = PBXFileReference; lastKnownFileType = file.xib; path = ImgCell.xib; sourceTree = "<group>"; };
		846E25B1212BC67300C797CE /* NoteModel.h */ = {isa = PBXFileReference; lastKnownFileType = sourcecode.c.h; path = NoteModel.h; sourceTree = "<group>"; };
		846E25B2212BC67300C797CE /* NoteModel.m */ = {isa = PBXFileReference; lastKnownFileType = sourcecode.c.objc; path = NoteModel.m; sourceTree = "<group>"; };
		84916FFB212CEDCD00AC23EB /* MZView.h */ = {isa = PBXFileReference; lastKnownFileType = sourcecode.c.h; path = MZView.h; sourceTree = "<group>"; };
		84916FFC212CEDCD00AC23EB /* MZView.m */ = {isa = PBXFileReference; lastKnownFileType = sourcecode.c.objc; path = MZView.m; sourceTree = "<group>"; };
		84916FFE212CEE0500AC23EB /* MainView.h */ = {isa = PBXFileReference; lastKnownFileType = sourcecode.c.h; path = MainView.h; sourceTree = "<group>"; };
		84916FFF212CEE0500AC23EB /* MainView.m */ = {isa = PBXFileReference; lastKnownFileType = sourcecode.c.objc; path = MainView.m; sourceTree = "<group>"; };
		84917002212CEFF900AC23EB /* ViewProtocol.h */ = {isa = PBXFileReference; lastKnownFileType = sourcecode.c.h; path = ViewProtocol.h; sourceTree = "<group>"; };
		84917003212D20C900AC23EB /* DBManager.h */ = {isa = PBXFileReference; lastKnownFileType = sourcecode.c.h; path = DBManager.h; sourceTree = "<group>"; };
		84917004212D20C900AC23EB /* DBManager.m */ = {isa = PBXFileReference; lastKnownFileType = sourcecode.c.objc; path = DBManager.m; sourceTree = "<group>"; };
		8493EE6A212E5E48001FC8C2 /* DataProtocol.h */ = {isa = PBXFileReference; lastKnownFileType = sourcecode.c.h; path = DataProtocol.h; sourceTree = "<group>"; };
		8493EE6B212E654A001FC8C2 /* Utils.h */ = {isa = PBXFileReference; lastKnownFileType = sourcecode.c.h; path = Utils.h; sourceTree = "<group>"; };
		8493EE6C212E654A001FC8C2 /* Utils.m */ = {isa = PBXFileReference; lastKnownFileType = sourcecode.c.objc; path = Utils.m; sourceTree = "<group>"; };
		A439BBC2FEDD917CF93016B4 /* Pods-SimpleNoteTests.debug.xcconfig */ = {isa = PBXFileReference; includeInIndex = 1; lastKnownFileType = text.xcconfig; name = "Pods-SimpleNoteTests.debug.xcconfig"; path = "Pods/Target Support Files/Pods-SimpleNoteTests/Pods-SimpleNoteTests.debug.xcconfig"; sourceTree = "<group>"; };
		DAE35767B18355652C4DE338 /* Pods-SimpleNote.debug.xcconfig */ = {isa = PBXFileReference; includeInIndex = 1; lastKnownFileType = text.xcconfig; name = "Pods-SimpleNote.debug.xcconfig"; path = "Pods/Target Support Files/Pods-SimpleNote/Pods-SimpleNote.debug.xcconfig"; sourceTree = "<group>"; };
		F086426C41C966F95491F9B3 /* libPods-SimpleNoteTests.a */ = {isa = PBXFileReference; explicitFileType = archive.ar; includeInIndex = 0; path = "libPods-SimpleNoteTests.a"; sourceTree = BUILT_PRODUCTS_DIR; };
/* End PBXFileReference section */

/* Begin PBXFrameworksBuildPhase section */
		846E2553212A928200C797CE /* Frameworks */ = {
			isa = PBXFrameworksBuildPhase;
			buildActionMask = 2147483647;
			files = (
				9D06DD739D7CB08BBD90D425 /* libPods-SimpleNote.a in Frameworks */,
			);
			runOnlyForDeploymentPostprocessing = 0;
		};
		846E256B212A928200C797CE /* Frameworks */ = {
			isa = PBXFrameworksBuildPhase;
			buildActionMask = 2147483647;
			files = (
				204D44B458C08701A583C9DD /* libPods-SimpleNoteTests.a in Frameworks */,
			);
			runOnlyForDeploymentPostprocessing = 0;
		};
/* End PBXFrameworksBuildPhase section */

/* Begin PBXGroup section */
		84226A13212FDE8A009D2F82 /* MyViews */ = {
			isa = PBXGroup;
			children = (
				84226A172130FE57009D2F82 /* ZAlertView */,
				84226A14212FDEBA009D2F82 /* OptionView.h */,
				84226A15212FDEBA009D2F82 /* OptionView.m */,
			);
			path = MyViews;
			sourceTree = "<group>";
		};
		84226A172130FE57009D2F82 /* ZAlertView */ = {
			isa = PBXGroup;
			children = (
				84226A182130FE57009D2F82 /* error.png */,
				84226A192130FE57009D2F82 /* success.png */,
				84226A1A2130FE57009D2F82 /* UIColor+Hexadecimal.h */,
				84226A1B2130FE57009D2F82 /* UIColor+Hexadecimal.m */,
				84226A1C2130FE57009D2F82 /* ZAlertView.h */,
				84226A1D2130FE57009D2F82 /* ZAlertView.m */,
				84226A1E2130FE57009D2F82 /* ZAlertViewManager.h */,
				84226A1F2130FE57009D2F82 /* ZAlertViewManager.m */,
			);
			path = ZAlertView;
			sourceTree = "<group>";
		};
		846E254D212A928200C797CE = {
			isa = PBXGroup;
			children = (
				846E2558212A928200C797CE /* SimpleNote */,
				846E2571212A928200C797CE /* SimpleNoteTests */,
				846E2557212A928200C797CE /* Products */,
				A1027E0B1DC9B8950F676F1D /* Pods */,
				EDF5E1A990AEAE27ADF183BD /* Frameworks */,
			);
			sourceTree = "<group>";
		};
		846E2557212A928200C797CE /* Products */ = {
			isa = PBXGroup;
			children = (
				846E2556212A928200C797CE /* SimpleNote.app */,
				846E256E212A928200C797CE /* SimpleNoteTests.xctest */,
			);
			name = Products;
			sourceTree = "<group>";
		};
		846E2558212A928200C797CE /* SimpleNote */ = {
			isa = PBXGroup;
			children = (
				84226A13212FDE8A009D2F82 /* MyViews */,
				8493EE6E212E654F001FC8C2 /* Utils */,
				84917006212D20CD00AC23EB /* DB */,
				846E258B212A98D000C797CE /* Macros */,
				84916FFA212CED5300AC23EB /* Sources */,
				846E2587212A92D300C797CE /* Sections */,
				846E2586212A92CD00C797CE /* MZBase */,
				846E2562212A928200C797CE /* Assets.xcassets */,
				846E2564212A928200C797CE /* LaunchScreen.storyboard */,
				846E2567212A928200C797CE /* Info.plist */,
				846E2568212A928200C797CE /* main.m */,
				84226A0C212FD053009D2F82 /* Localizable.strings */,
			);
			path = SimpleNote;
			sourceTree = "<group>";
		};
		846E2571212A928200C797CE /* SimpleNoteTests */ = {
			isa = PBXGroup;
			children = (
				846E2572212A928200C797CE /* SimpleNoteTests.m */,
				846E2574212A928200C797CE /* Info.plist */,
			);
			path = SimpleNoteTests;
			sourceTree = "<group>";
		};
		846E2586212A92CD00C797CE /* MZBase */ = {
			isa = PBXGroup;
			children = (
				846E2559212A928200C797CE /* AppDelegate.h */,
				846E255A212A928200C797CE /* AppDelegate.m */,
				846E257D212A92A000C797CE /* MZBaseViewController.h */,
				846E257E212A92A000C797CE /* MZBaseViewController.m */,
				846E2580212A92B900C797CE /* MZBaseNavigationViewController.h */,
				846E2581212A92B900C797CE /* MZBaseNavigationViewController.m */,
				84916FFB212CEDCD00AC23EB /* MZView.h */,
				84916FFC212CEDCD00AC23EB /* MZView.m */,
				84917002212CEFF900AC23EB /* ViewProtocol.h */,
				8493EE6A212E5E48001FC8C2 /* DataProtocol.h */,
			);
			path = MZBase;
			sourceTree = "<group>";
		};
		846E2587212A92D300C797CE /* Sections */ = {
			isa = PBXGroup;
			children = (
				84916FF5212CECEC00AC23EB /* Main */,
				84916FF8212CED3000AC23EB /* Edit */,
				84916FF9212CED4200AC23EB /* Set */,
			);
			path = Sections;
			sourceTree = "<group>";
		};
		846E258B212A98D000C797CE /* Macros */ = {
			isa = PBXGroup;
			children = (
				846E2589212A958100C797CE /* SimpleNote-PrefixHeader.pch */,
				846E258A212A968200C797CE /* CustomHeader.h */,
				84226A03212F9ECA009D2F82 /* NoteConst.h */,
				84226A04212F9ECA009D2F82 /* NoteConst.m */,
			);
			path = Macros;
			sourceTree = "<group>";
		};
		846E2592212ABBC000C797CE /* Fonts */ = {
			isa = PBXGroup;
			children = (
				846E2595212ABF1E00C797CE /* UIFont+FontType.h */,
				846E2596212ABF1E00C797CE /* UIFont+FontType.m */,
			);
			path = Fonts;
			sourceTree = "<group>";
		};
		846E25AB212B9CB400C797CE /* View */ = {
			isa = PBXGroup;
			children = (
				846E25A6212B9CAB00C797CE /* SoundCell.h */,
				846E25A7212B9CAB00C797CE /* SoundCell.m */,
				846E25A8212B9CAB00C797CE /* SoundCell.xib */,
				846E25A1212B9C9400C797CE /* TextCell.h */,
				846E25A2212B9C9400C797CE /* TextCell.m */,
				846E25A3212B9C9400C797CE /* TextCell.xib */,
				846E25AC212BA24600C797CE /* ImgCell.h */,
				846E25AD212BA24600C797CE /* ImgCell.m */,
				846E25AE212BA24600C797CE /* ImgCell.xib */,
				84916FFE212CEE0500AC23EB /* MainView.h */,
				84916FFF212CEE0500AC23EB /* MainView.m */,
			);
			path = View;
			sourceTree = "<group>";
		};
		84916FF5212CECEC00AC23EB /* Main */ = {
			isa = PBXGroup;
			children = (
				84916FF7212CED1100AC23EB /* Model */,
				846E25AB212B9CB400C797CE /* View */,
				84916FF6212CED0600AC23EB /* Controller */,
			);
			path = Main;
			sourceTree = "<group>";
		};
		84916FF6212CED0600AC23EB /* Controller */ = {
			isa = PBXGroup;
			children = (
				846E2583212A92C500C797CE /* MainViewController.h */,
				846E2584212A92C500C797CE /* MainViewController.m */,
			);
			path = Controller;
			sourceTree = "<group>";
		};
		84916FF7212CED1100AC23EB /* Model */ = {
			isa = PBXGroup;
			children = (
				846E25B1212BC67300C797CE /* NoteModel.h */,
				846E25B2212BC67300C797CE /* NoteModel.m */,
			);
			path = Model;
			sourceTree = "<group>";
		};
		84916FF8212CED3000AC23EB /* Edit */ = {
			isa = PBXGroup;
			children = (
				846E258C212AA54A00C797CE /* NoteViewController.h */,
				846E258D212AA54A00C797CE /* NoteViewController.m */,
				842269FD212EAC94009D2F82 /* SoundEditViewController.h */,
				842269FE212EAC94009D2F82 /* SoundEditViewController.m */,
				84226A0F212FD348009D2F82 /* EncryptViewController.h */,
				84226A10212FD348009D2F82 /* EncryptViewController.m */,
			);
			path = Edit;
			sourceTree = "<group>";
		};
		84916FF9212CED4200AC23EB /* Set */ = {
			isa = PBXGroup;
			children = (
				846E258F212AA66600C797CE /* SetViewController.h */,
				846E2590212AA66600C797CE /* SetViewController.m */,
			);
			path = Set;
			sourceTree = "<group>";
		};
		84916FFA212CED5300AC23EB /* Sources */ = {
			isa = PBXGroup;
			children = (
				846E2592212ABBC000C797CE /* Fonts */,
			);
			path = Sources;
			sourceTree = "<group>";
		};
		84917006212D20CD00AC23EB /* DB */ = {
			isa = PBXGroup;
			children = (
				84917003212D20C900AC23EB /* DBManager.h */,
				84917004212D20C900AC23EB /* DBManager.m */,
			);
			path = DB;
			sourceTree = "<group>";
		};
		8493EE6E212E654F001FC8C2 /* Utils */ = {
			isa = PBXGroup;
			children = (
				84226A00212EBBC6009D2F82 /* ZJFileManger.h */,
				84226A01212EBBC6009D2F82 /* ZJFileManger.m */,
				842269F8212E836F009D2F82 /* MHD_FingerPrintVerify.h */,
				842269F7212E836F009D2F82 /* MHD_FingerPrintVerify.m */,
				842269F4212E75D7009D2F82 /* ZJTools.h */,
				842269F5212E75D7009D2F82 /* ZJTools.m */,
				8493EE6B212E654A001FC8C2 /* Utils.h */,
				8493EE6C212E654A001FC8C2 /* Utils.m */,
				842269FA212E88B7009D2F82 /* NoteManager.h */,
				842269FB212E88B7009D2F82 /* NoteManager.m */,
			);
			path = Utils;
			sourceTree = "<group>";
		};
		A1027E0B1DC9B8950F676F1D /* Pods */ = {
			isa = PBXGroup;
			children = (
				DAE35767B18355652C4DE338 /* Pods-SimpleNote.debug.xcconfig */,
				3C701F36D70697F83DF38E60 /* Pods-SimpleNote.release.xcconfig */,
				A439BBC2FEDD917CF93016B4 /* Pods-SimpleNoteTests.debug.xcconfig */,
				677FDE8E5F2348AE422B33F2 /* Pods-SimpleNoteTests.release.xcconfig */,
			);
			name = Pods;
			sourceTree = "<group>";
		};
		EDF5E1A990AEAE27ADF183BD /* Frameworks */ = {
			isa = PBXGroup;
			children = (
				410AA372B6791D54BB9FEEAF /* libPods-SimpleNote.a */,
				F086426C41C966F95491F9B3 /* libPods-SimpleNoteTests.a */,
			);
			name = Frameworks;
			sourceTree = "<group>";
		};
/* End PBXGroup section */

/* Begin PBXNativeTarget section */
		846E2555212A928200C797CE /* SimpleNote */ = {
			isa = PBXNativeTarget;
			buildConfigurationList = 846E2577212A928200C797CE /* Build configuration list for PBXNativeTarget "SimpleNote" */;
			buildPhases = (
				8004C4C2B706D2CA99D82E35 /* [CP] Check Pods Manifest.lock */,
				846E2552212A928200C797CE /* Sources */,
				846E2553212A928200C797CE /* Frameworks */,
				846E2554212A928200C797CE /* Resources */,
				DB0E27E71652612033447CF7 /* [CP] Embed Pods Frameworks */,
				CDA06C626040A7CD28E606E1 /* [CP] Copy Pods Resources */,
			);
			buildRules = (
			);
			dependencies = (
			);
			name = SimpleNote;
			productName = SimpleNote;
			productReference = 846E2556212A928200C797CE /* SimpleNote.app */;
			productType = "com.apple.product-type.application";
		};
		846E256D212A928200C797CE /* SimpleNoteTests */ = {
			isa = PBXNativeTarget;
			buildConfigurationList = 846E257A212A928200C797CE /* Build configuration list for PBXNativeTarget "SimpleNoteTests" */;
			buildPhases = (
				73A98C91F5EAE2E73F2227EF /* [CP] Check Pods Manifest.lock */,
				846E256A212A928200C797CE /* Sources */,
				846E256B212A928200C797CE /* Frameworks */,
				846E256C212A928200C797CE /* Resources */,
				3BB96B547129303BF66D472D /* [CP] Embed Pods Frameworks */,
				CCE5A67576A186F5506043C3 /* [CP] Copy Pods Resources */,
			);
			buildRules = (
			);
			dependencies = (
				846E2570212A928200C797CE /* PBXTargetDependency */,
			);
			name = SimpleNoteTests;
			productName = SimpleNoteTests;
			productReference = 846E256E212A928200C797CE /* SimpleNoteTests.xctest */;
			productType = "com.apple.product-type.bundle.unit-test";
		};
/* End PBXNativeTarget section */

/* Begin PBXProject section */
		846E254E212A928200C797CE /* Project object */ = {
			isa = PBXProject;
			attributes = {
				LastUpgradeCheck = 0900;
				ORGANIZATIONNAME = com;
				TargetAttributes = {
					846E2555212A928200C797CE = {
						CreatedOnToolsVersion = 9.0;
						ProvisioningStyle = Manual;
					};
					846E256D212A928200C797CE = {
						CreatedOnToolsVersion = 9.0;
						ProvisioningStyle = Automatic;
						TestTargetID = 846E2555212A928200C797CE;
					};
				};
			};
			buildConfigurationList = 846E2551212A928200C797CE /* Build configuration list for PBXProject "SimpleNote" */;
			compatibilityVersion = "Xcode 8.0";
			developmentRegion = en;
			hasScannedForEncodings = 0;
			knownRegions = (
				Base,
				"zh-Hans",
				en,
			);
			mainGroup = 846E254D212A928200C797CE;
			productRefGroup = 846E2557212A928200C797CE /* Products */;
			projectDirPath = "";
			projectRoot = "";
			targets = (
				846E2555212A928200C797CE /* SimpleNote */,
				846E256D212A928200C797CE /* SimpleNoteTests */,
			);
		};
/* End PBXProject section */

/* Begin PBXResourcesBuildPhase section */
		846E2554212A928200C797CE /* Resources */ = {
			isa = PBXResourcesBuildPhase;
			buildActionMask = 2147483647;
			files = (
				846E2566212A928200C797CE /* LaunchScreen.storyboard in Resources */,
				84226A202130FE57009D2F82 /* error.png in Resources */,
				846E25A5212B9C9400C797CE /* TextCell.xib in Resources */,
				846E2563212A928200C797CE /* Assets.xcassets in Resources */,
				846E25AA212B9CAB00C797CE /* SoundCell.xib in Resources */,
				846E25B0212BA24600C797CE /* ImgCell.xib in Resources */,
				84226A0A212FD053009D2F82 /* Localizable.strings in Resources */,
				84226A212130FE57009D2F82 /* success.png in Resources */,
			);
			runOnlyForDeploymentPostprocessing = 0;
		};
		846E256C212A928200C797CE /* Resources */ = {
			isa = PBXResourcesBuildPhase;
			buildActionMask = 2147483647;
			files = (
			);
			runOnlyForDeploymentPostprocessing = 0;
		};
/* End PBXResourcesBuildPhase section */

/* Begin PBXShellScriptBuildPhase section */
		3BB96B547129303BF66D472D /* [CP] Embed Pods Frameworks */ = {
			isa = PBXShellScriptBuildPhase;
			buildActionMask = 2147483647;
			files = (
			);
			inputPaths = (
			);
			name = "[CP] Embed Pods Frameworks";
			outputPaths = (
			);
			runOnlyForDeploymentPostprocessing = 0;
			shellPath = /bin/sh;
			shellScript = "\"${SRCROOT}/Pods/Target Support Files/Pods-SimpleNoteTests/Pods-SimpleNoteTests-frameworks.sh\"\n";
			showEnvVarsInLog = 0;
		};
		73A98C91F5EAE2E73F2227EF /* [CP] Check Pods Manifest.lock */ = {
			isa = PBXShellScriptBuildPhase;
			buildActionMask = 2147483647;
			files = (
			);
			inputPaths = (
				"${PODS_PODFILE_DIR_PATH}/Podfile.lock",
				"${PODS_ROOT}/Manifest.lock",
			);
			name = "[CP] Check Pods Manifest.lock";
			outputPaths = (
				"$(DERIVED_FILE_DIR)/Pods-SimpleNoteTests-checkManifestLockResult.txt",
			);
			runOnlyForDeploymentPostprocessing = 0;
			shellPath = /bin/sh;
			shellScript = "diff \"${PODS_PODFILE_DIR_PATH}/Podfile.lock\" \"${PODS_ROOT}/Manifest.lock\" > /dev/null\nif [ $? != 0 ] ; then\n    # print error to STDERR\n    echo \"error: The sandbox is not in sync with the Podfile.lock. Run 'pod install' or update your CocoaPods installation.\" >&2\n    exit 1\nfi\n# This output is used by Xcode 'outputs' to avoid re-running this script phase.\necho \"SUCCESS\" > \"${SCRIPT_OUTPUT_FILE_0}\"\n";
			showEnvVarsInLog = 0;
		};
		8004C4C2B706D2CA99D82E35 /* [CP] Check Pods Manifest.lock */ = {
			isa = PBXShellScriptBuildPhase;
			buildActionMask = 2147483647;
			files = (
			);
			inputPaths = (
				"${PODS_PODFILE_DIR_PATH}/Podfile.lock",
				"${PODS_ROOT}/Manifest.lock",
			);
			name = "[CP] Check Pods Manifest.lock";
			outputPaths = (
				"$(DERIVED_FILE_DIR)/Pods-SimpleNote-checkManifestLockResult.txt",
			);
			runOnlyForDeploymentPostprocessing = 0;
			shellPath = /bin/sh;
			shellScript = "diff \"${PODS_PODFILE_DIR_PATH}/Podfile.lock\" \"${PODS_ROOT}/Manifest.lock\" > /dev/null\nif [ $? != 0 ] ; then\n    # print error to STDERR\n    echo \"error: The sandbox is not in sync with the Podfile.lock. Run 'pod install' or update your CocoaPods installation.\" >&2\n    exit 1\nfi\n# This output is used by Xcode 'outputs' to avoid re-running this script phase.\necho \"SUCCESS\" > \"${SCRIPT_OUTPUT_FILE_0}\"\n";
			showEnvVarsInLog = 0;
		};
		CCE5A67576A186F5506043C3 /* [CP] Copy Pods Resources */ = {
			isa = PBXShellScriptBuildPhase;
			buildActionMask = 2147483647;
			files = (
			);
			inputPaths = (
			);
			name = "[CP] Copy Pods Resources";
			outputPaths = (
			);
			runOnlyForDeploymentPostprocessing = 0;
			shellPath = /bin/sh;
			shellScript = "\"${SRCROOT}/Pods/Target Support Files/Pods-SimpleNoteTests/Pods-SimpleNoteTests-resources.sh\"\n";
			showEnvVarsInLog = 0;
		};
		CDA06C626040A7CD28E606E1 /* [CP] Copy Pods Resources */ = {
			isa = PBXShellScriptBuildPhase;
			buildActionMask = 2147483647;
			files = (
			);
			inputPaths = (
			);
			name = "[CP] Copy Pods Resources";
			outputPaths = (
			);
			runOnlyForDeploymentPostprocessing = 0;
			shellPath = /bin/sh;
			shellScript = "\"${SRCROOT}/Pods/Target Support Files/Pods-SimpleNote/Pods-SimpleNote-resources.sh\"\n";
			showEnvVarsInLog = 0;
		};
		DB0E27E71652612033447CF7 /* [CP] Embed Pods Frameworks */ = {
			isa = PBXShellScriptBuildPhase;
			buildActionMask = 2147483647;
			files = (
			);
			inputPaths = (
			);
			name = "[CP] Embed Pods Frameworks";
			outputPaths = (
			);
			runOnlyForDeploymentPostprocessing = 0;
			shellPath = /bin/sh;
			shellScript = "\"${SRCROOT}/Pods/Target Support Files/Pods-SimpleNote/Pods-SimpleNote-frameworks.sh\"\n";
			showEnvVarsInLog = 0;
		};
/* End PBXShellScriptBuildPhase section */

/* Begin PBXSourcesBuildPhase section */
		846E2552212A928200C797CE /* Sources */ = {
			isa = PBXSourcesBuildPhase;
			buildActionMask = 2147483647;
			files = (
				846E2582212A92B900C797CE /* MZBaseNavigationViewController.m in Sources */,
				846E25B3212BC67300C797CE /* NoteModel.m in Sources */,
				842269FF212EAC94009D2F82 /* SoundEditViewController.m in Sources */,
				846E25AF212BA24600C797CE /* ImgCell.m in Sources */,
				8493EE6D212E654A001FC8C2 /* Utils.m in Sources */,
				84916FFD212CEDCD00AC23EB /* MZView.m in Sources */,
				846E2585212A92C500C797CE /* MainViewController.m in Sources */,
				846E2569212A928200C797CE /* main.m in Sources */,
				84226A232130FE57009D2F82 /* ZAlertView.m in Sources */,
				84226A11212FD348009D2F82 /* EncryptViewController.m in Sources */,
				842269F6212E75D8009D2F82 /* ZJTools.m in Sources */,
				846E2591212AA66600C797CE /* SetViewController.m in Sources */,
				846E25A9212B9CAB00C797CE /* SoundCell.m in Sources */,
				84226A242130FE57009D2F82 /* ZAlertViewManager.m in Sources */,
				842269FC212E88B7009D2F82 /* NoteManager.m in Sources */,
				846E25A4212B9C9400C797CE /* TextCell.m in Sources */,
				84917005212D20C900AC23EB /* DBManager.m in Sources */,
				84917000212CEE0500AC23EB /* MainView.m in Sources */,
				846E257F212A92A000C797CE /* MZBaseViewController.m in Sources */,
				84226A222130FE57009D2F82 /* UIColor+Hexadecimal.m in Sources */,
				846E2597212ABF1E00C797CE /* UIFont+FontType.m in Sources */,
				846E258E212AA54A00C797CE /* NoteViewController.m in Sources */,
				84226A16212FDEBA009D2F82 /* OptionView.m in Sources */,
				846E255B212A928200C797CE /* AppDelegate.m in Sources */,
				84226A05212F9ECA009D2F82 /* NoteConst.m in Sources */,
				84226A02212EBBC7009D2F82 /* ZJFileManger.m in Sources */,
				842269F9212E836F009D2F82 /* MHD_FingerPrintVerify.m in Sources */,
			);
			runOnlyForDeploymentPostprocessing = 0;
		};
		846E256A212A928200C797CE /* Sources */ = {
			isa = PBXSourcesBuildPhase;
			buildActionMask = 2147483647;
			files = (
				846E2573212A928200C797CE /* SimpleNoteTests.m in Sources */,
			);
			runOnlyForDeploymentPostprocessing = 0;
		};
/* End PBXSourcesBuildPhase section */

/* Begin PBXTargetDependency section */
		846E2570212A928200C797CE /* PBXTargetDependency */ = {
			isa = PBXTargetDependency;
			target = 846E2555212A928200C797CE /* SimpleNote */;
			targetProxy = 846E256F212A928200C797CE /* PBXContainerItemProxy */;
		};
/* End PBXTargetDependency section */

/* Begin PBXVariantGroup section */
		84226A0C212FD053009D2F82 /* Localizable.strings */ = {
			isa = PBXVariantGroup;
			children = (
				84226A0D212FD07B009D2F82 /* zh-Hans */,
				84226A0E212FD138009D2F82 /* Base */,
				84226A12212FD6B3009D2F82 /* en */,
			);
			name = Localizable.strings;
			sourceTree = "<group>";
		};
		846E2564212A928200C797CE /* LaunchScreen.storyboard */ = {
			isa = PBXVariantGroup;
			children = (
				846E2565212A928200C797CE /* Base */,
			);
			name = LaunchScreen.storyboard;
			sourceTree = "<group>";
		};
/* End PBXVariantGroup section */

/* Begin XCBuildConfiguration section */
		846E2575212A928200C797CE /* Debug */ = {
			isa = XCBuildConfiguration;
			buildSettings = {
				ALWAYS_SEARCH_USER_PATHS = NO;
				CLANG_ANALYZER_LOCALIZABILITY_NONLOCALIZED = YES;
				CLANG_ANALYZER_NONNULL = YES;
				CLANG_ANALYZER_NUMBER_OBJECT_CONVERSION = YES_AGGRESSIVE;
				CLANG_CXX_LANGUAGE_STANDARD = "gnu++14";
				CLANG_CXX_LIBRARY = "libc++";
				CLANG_ENABLE_MODULES = YES;
				CLANG_ENABLE_OBJC_ARC = YES;
				CLANG_WARN_BLOCK_CAPTURE_AUTORELEASING = YES;
				CLANG_WARN_BOOL_CONVERSION = YES;
				CLANG_WARN_COMMA = YES;
				CLANG_WARN_CONSTANT_CONVERSION = YES;
				CLANG_WARN_DIRECT_OBJC_ISA_USAGE = YES_ERROR;
				CLANG_WARN_DOCUMENTATION_COMMENTS = YES;
				CLANG_WARN_EMPTY_BODY = YES;
				CLANG_WARN_ENUM_CONVERSION = YES;
				CLANG_WARN_INFINITE_RECURSION = YES;
				CLANG_WARN_INT_CONVERSION = YES;
				CLANG_WARN_NON_LITERAL_NULL_CONVERSION = YES;
				CLANG_WARN_OBJC_LITERAL_CONVERSION = YES;
				CLANG_WARN_OBJC_ROOT_CLASS = YES_ERROR;
				CLANG_WARN_RANGE_LOOP_ANALYSIS = YES;
				CLANG_WARN_STRICT_PROTOTYPES = YES;
				CLANG_WARN_SUSPICIOUS_MOVE = YES;
				CLANG_WARN_UNGUARDED_AVAILABILITY = YES_AGGRESSIVE;
				CLANG_WARN_UNREACHABLE_CODE = YES;
				CLANG_WARN__DUPLICATE_METHOD_MATCH = YES;
				CODE_SIGN_IDENTITY = "iPhone Developer";
				COPY_PHASE_STRIP = NO;
				DEBUG_INFORMATION_FORMAT = dwarf;
				ENABLE_STRICT_OBJC_MSGSEND = YES;
				ENABLE_TESTABILITY = YES;
				GCC_C_LANGUAGE_STANDARD = gnu11;
				GCC_DYNAMIC_NO_PIC = NO;
				GCC_NO_COMMON_BLOCKS = YES;
				GCC_OPTIMIZATION_LEVEL = 0;
				GCC_PREPROCESSOR_DEFINITIONS = (
					"DEBUG=1",
					"$(inherited)",
				);
				GCC_WARN_64_TO_32_BIT_CONVERSION = YES;
				GCC_WARN_ABOUT_RETURN_TYPE = YES_ERROR;
				GCC_WARN_UNDECLARED_SELECTOR = YES;
				GCC_WARN_UNINITIALIZED_AUTOS = YES_AGGRESSIVE;
				GCC_WARN_UNUSED_FUNCTION = YES;
				GCC_WARN_UNUSED_VARIABLE = YES;
				IPHONEOS_DEPLOYMENT_TARGET = 11.0;
				MTL_ENABLE_DEBUG_INFO = YES;
				ONLY_ACTIVE_ARCH = YES;
				SDKROOT = iphoneos;
			};
			name = Debug;
		};
		846E2576212A928200C797CE /* Release */ = {
			isa = XCBuildConfiguration;
			buildSettings = {
				ALWAYS_SEARCH_USER_PATHS = NO;
				CLANG_ANALYZER_LOCALIZABILITY_NONLOCALIZED = YES;
				CLANG_ANALYZER_NONNULL = YES;
				CLANG_ANALYZER_NUMBER_OBJECT_CONVERSION = YES_AGGRESSIVE;
				CLANG_CXX_LANGUAGE_STANDARD = "gnu++14";
				CLANG_CXX_LIBRARY = "libc++";
				CLANG_ENABLE_MODULES = YES;
				CLANG_ENABLE_OBJC_ARC = YES;
				CLANG_WARN_BLOCK_CAPTURE_AUTORELEASING = YES;
				CLANG_WARN_BOOL_CONVERSION = YES;
				CLANG_WARN_COMMA = YES;
				CLANG_WARN_CONSTANT_CONVERSION = YES;
				CLANG_WARN_DIRECT_OBJC_ISA_USAGE = YES_ERROR;
				CLANG_WARN_DOCUMENTATION_COMMENTS = YES;
				CLANG_WARN_EMPTY_BODY = YES;
				CLANG_WARN_ENUM_CONVERSION = YES;
				CLANG_WARN_INFINITE_RECURSION = YES;
				CLANG_WARN_INT_CONVERSION = YES;
				CLANG_WARN_NON_LITERAL_NULL_CONVERSION = YES;
				CLANG_WARN_OBJC_LITERAL_CONVERSION = YES;
				CLANG_WARN_OBJC_ROOT_CLASS = YES_ERROR;
				CLANG_WARN_RANGE_LOOP_ANALYSIS = YES;
				CLANG_WARN_STRICT_PROTOTYPES = YES;
				CLANG_WARN_SUSPICIOUS_MOVE = YES;
				CLANG_WARN_UNGUARDED_AVAILABILITY = YES_AGGRESSIVE;
				CLANG_WARN_UNREACHABLE_CODE = YES;
				CLANG_WARN__DUPLICATE_METHOD_MATCH = YES;
				CODE_SIGN_IDENTITY = "iPhone Developer";
				COPY_PHASE_STRIP = NO;
				DEBUG_INFORMATION_FORMAT = "dwarf-with-dsym";
				ENABLE_NS_ASSERTIONS = NO;
				ENABLE_STRICT_OBJC_MSGSEND = YES;
				GCC_C_LANGUAGE_STANDARD = gnu11;
				GCC_NO_COMMON_BLOCKS = YES;
				GCC_WARN_64_TO_32_BIT_CONVERSION = YES;
				GCC_WARN_ABOUT_RETURN_TYPE = YES_ERROR;
				GCC_WARN_UNDECLARED_SELECTOR = YES;
				GCC_WARN_UNINITIALIZED_AUTOS = YES_AGGRESSIVE;
				GCC_WARN_UNUSED_FUNCTION = YES;
				GCC_WARN_UNUSED_VARIABLE = YES;
				IPHONEOS_DEPLOYMENT_TARGET = 11.0;
				MTL_ENABLE_DEBUG_INFO = NO;
				SDKROOT = iphoneos;
				VALIDATE_PRODUCT = YES;
			};
			name = Release;
		};
		846E2578212A928200C797CE /* Debug */ = {
			isa = XCBuildConfiguration;
			baseConfigurationReference = DAE35767B18355652C4DE338 /* Pods-SimpleNote.debug.xcconfig */;
			buildSettings = {
				ASSETCATALOG_COMPILER_APPICON_NAME = AppIcon;
				CODE_SIGN_STYLE = Manual;
				DEVELOPMENT_TEAM = CKXF9F3R3Y;
				GCC_INCREASE_PRECOMPILED_HEADER_SHARING = YES;
				GCC_PREFIX_HEADER = "$(SRCROOT)/SimpleNote/Macros/SimpleNote-PrefixHeader.pch";
				INFOPLIST_FILE = SimpleNote/Info.plist;
				IPHONEOS_DEPLOYMENT_TARGET = 8.0;
				LD_RUNPATH_SEARCH_PATHS = "$(inherited) @executable_path/Frameworks";
				PRODUCT_BUNDLE_IDENTIFIER = com.mz.SimpleNote;
				PRODUCT_NAME = "$(TARGET_NAME)";
				PROVISIONING_PROFILE = "7ee96ae9-87bc-41e7-8928-e266409f6f8c";
				PROVISIONING_PROFILE_SPECIFIER = customDev;
				TARGETED_DEVICE_FAMILY = "1,2";
			};
			name = Debug;
		};
		846E2579212A928200C797CE /* Release */ = {
			isa = XCBuildConfiguration;
			baseConfigurationReference = 3C701F36D70697F83DF38E60 /* Pods-SimpleNote.release.xcconfig */;
			buildSettings = {
				ASSETCATALOG_COMPILER_APPICON_NAME = AppIcon;
				CODE_SIGN_STYLE = Manual;
				DEVELOPMENT_TEAM = "";
				GCC_INCREASE_PRECOMPILED_HEADER_SHARING = YES;
				GCC_PREFIX_HEADER = "$(SRCROOT)/SimpleNote/Macros/SimpleNote-PrefixHeader.pch";
				INFOPLIST_FILE = SimpleNote/Info.plist;
				IPHONEOS_DEPLOYMENT_TARGET = 8.0;
				LD_RUNPATH_SEARCH_PATHS = "$(inherited) @executable_path/Frameworks";
				PRODUCT_BUNDLE_IDENTIFIER = com.mz.SimpleNote;
				PRODUCT_NAME = "$(TARGET_NAME)";
				PROVISIONING_PROFILE_SPECIFIER = "";
				TARGETED_DEVICE_FAMILY = "1,2";
			};
			name = Release;
		};
		846E257B212A928200C797CE /* Debug */ = {
			isa = XCBuildConfiguration;
			baseConfigurationReference = A439BBC2FEDD917CF93016B4 /* Pods-SimpleNoteTests.debug.xcconfig */;
			buildSettings = {
				BUNDLE_LOADER = "$(TEST_HOST)";
				CODE_SIGN_STYLE = Automatic;
				INFOPLIST_FILE = SimpleNoteTests/Info.plist;
				LD_RUNPATH_SEARCH_PATHS = "$(inherited) @executable_path/Frameworks @loader_path/Frameworks";
				PRODUCT_BUNDLE_IDENTIFIER = com.mz.SimpleNoteTests;
				PRODUCT_NAME = "$(TARGET_NAME)";
				TARGETED_DEVICE_FAMILY = "1,2";
				TEST_HOST = "$(BUILT_PRODUCTS_DIR)/SimpleNote.app/SimpleNote";
			};
			name = Debug;
		};
		846E257C212A928200C797CE /* Release */ = {
			isa = XCBuildConfiguration;
			baseConfigurationReference = 677FDE8E5F2348AE422B33F2 /* Pods-SimpleNoteTests.release.xcconfig */;
			buildSettings = {
				BUNDLE_LOADER = "$(TEST_HOST)";
				CODE_SIGN_STYLE = Automatic;
				INFOPLIST_FILE = SimpleNoteTests/Info.plist;
				LD_RUNPATH_SEARCH_PATHS = "$(inherited) @executable_path/Frameworks @loader_path/Frameworks";
				PRODUCT_BUNDLE_IDENTIFIER = com.mz.SimpleNoteTests;
				PRODUCT_NAME = "$(TARGET_NAME)";
				TARGETED_DEVICE_FAMILY = "1,2";
				TEST_HOST = "$(BUILT_PRODUCTS_DIR)/SimpleNote.app/SimpleNote";
			};
			name = Release;
		};
/* End XCBuildConfiguration section */

/* Begin XCConfigurationList section */
		846E2551212A928200C797CE /* Build configuration list for PBXProject "SimpleNote" */ = {
			isa = XCConfigurationList;
			buildConfigurations = (
				846E2575212A928200C797CE /* Debug */,
				846E2576212A928200C797CE /* Release */,
			);
			defaultConfigurationIsVisible = 0;
			defaultConfigurationName = Release;
		};
		846E2577212A928200C797CE /* Build configuration list for PBXNativeTarget "SimpleNote" */ = {
			isa = XCConfigurationList;
			buildConfigurations = (
				846E2578212A928200C797CE /* Debug */,
				846E2579212A928200C797CE /* Release */,
			);
			defaultConfigurationIsVisible = 0;
			defaultConfigurationName = Release;
		};
		846E257A212A928200C797CE /* Build configuration list for PBXNativeTarget "SimpleNoteTests" */ = {
			isa = XCConfigurationList;
			buildConfigurations = (
				846E257B212A928200C797CE /* Debug */,
				846E257C212A928200C797CE /* Release */,
			);
			defaultConfigurationIsVisible = 0;
			defaultConfigurationName = Release;
		};
/* End XCConfigurationList section */
	};
	rootObject = 846E254E212A928200C797CE /* Project object */;
}
